
Microsoft Visual Studio Solution File, Format Version 12.00
# Visual Studio Version 17
VisualStudioVersion = 17.11.35327.3
MinimumVisualStudioVersion = 10.0.40219.1
Project("{9A19103F-16F7-4668-BE54-9A1E7A4F7556}") = "FoodManager.MVC", "FoodManager.MVC\FoodManager.MVC.csproj", "{E270CDAF-04E2-489C-8C0B-09D50F3A87FF}"
EndProject
Project("{9A19103F-16F7-4668-BE54-9A1E7A4F7556}") = "FoodManager.Domain", "FoodManager.Domain\FoodManager.Domain.csproj", "{ADE8ACCA-0C18-4ED8-B34F-D1877F945C50}"
EndProject
Project("{9A19103F-16F7-4668-BE54-9A1E7A4F7556}") = "FoodManager.Application", "FoodManager.Application\FoodManager.Application.csproj", "{C4B94032-84A7-4D5D-82F7-1C0B61695073}"
EndProject
Project("{9A19103F-16F7-4668-BE54-9A1E7A4F7556}") = "FoodManager.Infrastructure", "FoodManager.Infrastructure\FoodManager.Infrastructure.csproj", "{EABC4DB0-5150-4D17-BDEB-46CC33D7B6E9}"
EndProject
Global
	GlobalSection(SolutionConfigurationPlatforms) = preSolution
		Debug|Any CPU = Debug|Any CPU
		Release|Any CPU = Release|Any CPU
	EndGlobalSection
	GlobalSection(ProjectConfigurationPlatforms) = postSolution
		{E270CDAF-04E2-489C-8C0B-09D50F3A87FF}.Debug|Any CPU.ActiveCfg = Debug|Any CPU
		{E270CDAF-04E2-489C-8C0B-09D50F3A87FF}.Debug|Any CPU.Build.0 = Debug|Any CPU
		{E270CDAF-04E2-489C-8C0B-09D50F3A87FF}.Release|Any CPU.ActiveCfg = Release|Any CPU
		{E270CDAF-04E2-489C-8C0B-09D50F3A87FF}.Release|Any CPU.Build.0 = Release|Any CPU
		{ADE8ACCA-0C18-4ED8-B34F-D1877F945C50}.Debug|Any CPU.ActiveCfg = Debug|Any CPU
		{ADE8ACCA-0C18-4ED8-B34F-D1877F945C50}.Debug|Any CPU.Build.0 = Debug|Any CPU
		{ADE8ACCA-0C18-4ED8-B34F-D1877F945C50}.Release|Any CPU.ActiveCfg = Release|Any CPU
		{ADE8ACCA-0C18-4ED8-B34F-D1877F945C50}.Release|Any CPU.Build.0 = Release|Any CPU
		{C4B94032-84A7-4D5D-82F7-1C0B61695073}.Debug|Any CPU.ActiveCfg = Debug|Any CPU
		{C4B94032-84A7-4D5D-82F7-1C0B61695073}.Debug|Any CPU.Build.0 = Debug|Any CPU
		{C4B94032-84A7-4D5D-82F7-1C0B61695073}.Release|Any CPU.ActiveCfg = Release|Any CPU
		{C4B94032-84A7-4D5D-82F7-1C0B61695073}.Release|Any CPU.Build.0 = Release|Any CPU
		{EABC4DB0-5150-4D17-BDEB-46CC33D7B6E9}.Debug|Any CPU.ActiveCfg = Debug|Any CPU
		{EABC4DB0-5150-4D17-BDEB-46CC33D7B6E9}.Debug|Any CPU.Build.0 = Debug|Any CPU
		{EABC4DB0-5150-4D17-BDEB-46CC33D7B6E9}.Release|Any CPU.ActiveCfg = Release|Any CPU
		{EABC4DB0-5150-4D17-BDEB-46CC33D7B6E9}.Release|Any CPU.Build.0 = Release|Any CPU
	EndGlobalSection
	GlobalSection(SolutionProperties) = preSolution
		HideSolutionNode = FALSE
	EndGlobalSection
	GlobalSection(ExtensibilityGlobals) = postSolution
		SolutionGuid = {DEE49834-64EF-485D-BE54-6C031AEFDC3E}
	EndGlobalSection
EndGlobal
